// !$*UTF8*$!
{
	archiveVersion = 1;
	classes = {
	};
	objectVersion = 50;
	objects = {

/* Begin PBXBuildFile section */
		6F0AF72B20B631D900161503 /* AppDelegate.swift in Sources */ = {isa = PBXBuildFile; fileRef = 6F0AF72A20B631D900161503 /* AppDelegate.swift */; };
		6F0AF72D20B631D900161503 /* TodoListViewController.swift in Sources */ = {isa = PBXBuildFile; fileRef = 6F0AF72C20B631D900161503 /* TodoListViewController.swift */; };
		6F0AF73020B631D900161503 /* Main.storyboard in Resources */ = {isa = PBXBuildFile; fileRef = 6F0AF72E20B631D900161503 /* Main.storyboard */; };
		6F0AF73220B631DD00161503 /* Assets.xcassets in Resources */ = {isa = PBXBuildFile; fileRef = 6F0AF73120B631DD00161503 /* Assets.xcassets */; };
		6F0AF73520B631DD00161503 /* LaunchScreen.storyboard in Resources */ = {isa = PBXBuildFile; fileRef = 6F0AF73320B631DD00161503 /* LaunchScreen.storyboard */; };
		6F56CDCC20F5DE06003ED0F9 /* CategoryViewController.swift in Sources */ = {isa = PBXBuildFile; fileRef = 6F56CDCB20F5DE06003ED0F9 /* CategoryViewController.swift */; };
		6FB4D3C920D43EB200061689 /* DataModel.xcdatamodeld in Sources */ = {isa = PBXBuildFile; fileRef = 6FB4D3C720D43EB200061689 /* DataModel.xcdatamodeld */; };
/* End PBXBuildFile section */

/* Begin PBXFileReference section */
		6F0AF72720B631D900161503 /* To Do.app */ = {isa = PBXFileReference; explicitFileType = wrapper.application; includeInIndex = 0; path = "To Do.app"; sourceTree = BUILT_PRODUCTS_DIR; };
		6F0AF72A20B631D900161503 /* AppDelegate.swift */ = {isa = PBXFileReference; lastKnownFileType = sourcecode.swift; path = AppDelegate.swift; sourceTree = "<group>"; };
		6F0AF72C20B631D900161503 /* TodoListViewController.swift */ = {isa = PBXFileReference; lastKnownFileType = sourcecode.swift; path = TodoListViewController.swift; sourceTree = "<group>"; };
		6F0AF72F20B631D900161503 /* Base */ = {isa = PBXFileReference; lastKnownFileType = file.storyboard; name = Base; path = Base.lproj/Main.storyboard; sourceTree = "<group>"; };
		6F0AF73120B631DD00161503 /* Assets.xcassets */ = {isa = PBXFileReference; lastKnownFileType = folder.assetcatalog; path = Assets.xcassets; sourceTree = "<group>"; };
		6F0AF73420B631DD00161503 /* Base */ = {isa = PBXFileReference; lastKnownFileType = file.storyboard; name = Base; path = Base.lproj/LaunchScreen.storyboard; sourceTree = "<group>"; };
		6F0AF73620B631DD00161503 /* Info.plist */ = {isa = PBXFileReference; lastKnownFileType = text.plist.xml; path = Info.plist; sourceTree = "<group>"; };
		6F56CDCB20F5DE06003ED0F9 /* CategoryViewController.swift */ = {isa = PBXFileReference; lastKnownFileType = sourcecode.swift; path = CategoryViewController.swift; sourceTree = "<group>"; };
		6FB4D3C820D43EB200061689 /* DataModel.xcdatamodel */ = {isa = PBXFileReference; lastKnownFileType = wrapper.xcdatamodel; path = DataModel.xcdatamodel; sourceTree = "<group>"; };
/* End PBXFileReference section */

/* Begin PBXFrameworksBuildPhase section */
		6F0AF72420B631D900161503 /* Frameworks */ = {
			isa = PBXFrameworksBuildPhase;
			buildActionMask = 2147483647;
			files = (
			);
			runOnlyForDeploymentPostprocessing = 0;
		};
/* End PBXFrameworksBuildPhase section */

/* Begin PBXGroup section */
		6F0AF71E20B631D900161503 = {
			isa = PBXGroup;
			children = (
				6F0AF72920B631D900161503 /* To Do */,
				6F0AF72820B631D900161503 /* Products */,
			);
			sourceTree = "<group>";
		};
		6F0AF72820B631D900161503 /* Products */ = {
			isa = PBXGroup;
			children = (
				6F0AF72720B631D900161503 /* To Do.app */,
			);
			name = Products;
			sourceTree = "<group>";
		};
		6F0AF72920B631D900161503 /* To Do */ = {
			isa = PBXGroup;
			children = (
				6F0AF72A20B631D900161503 /* AppDelegate.swift */,
				6F0AF74020C0EB8900161503 /* Controllers */,
				6F0AF74120C0EBAC00161503 /* Views */,
				6F0AF74220C0EC5500161503 /* Supporting Files */,
				6F0AF73620B631DD00161503 /* Info.plist */,
				6F0AF73E20C0EB4300161503 /* Data Model */,
			);
			path = "To Do";
			sourceTree = "<group>";
		};
		6F0AF73E20C0EB4300161503 /* Data Model */ = {
			isa = PBXGroup;
			children = (
				6FB4D3C720D43EB200061689 /* DataModel.xcdatamodeld */,
			);
			path = "Data Model";
			sourceTree = "<group>";
		};
		6F0AF74020C0EB8900161503 /* Controllers */ = {
			isa = PBXGroup;
			children = (
				6F56CDCB20F5DE06003ED0F9 /* CategoryViewController.swift */,
				6F0AF72C20B631D900161503 /* TodoListViewController.swift */,
			);
			path = Controllers;
			sourceTree = "<group>";
		};
		6F0AF74120C0EBAC00161503 /* Views */ = {
			isa = PBXGroup;
			children = (
				6F0AF72E20B631D900161503 /* Main.storyboard */,
			);
			path = Views;
			sourceTree = "<group>";
		};
		6F0AF74220C0EC5500161503 /* Supporting Files */ = {
			isa = PBXGroup;
			children = (
				6F0AF73120B631DD00161503 /* Assets.xcassets */,
				6F0AF73320B631DD00161503 /* LaunchScreen.storyboard */,
			);
			path = "Supporting Files";
			sourceTree = "<group>";
		};
/* End PBXGroup section */

/* Begin PBXNativeTarget section */
		6F0AF72620B631D900161503 /* To Do */ = {
			isa = PBXNativeTarget;
			buildConfigurationList = 6F0AF73920B631DD00161503 /* Build configuration list for PBXNativeTarget "To Do" */;
			buildPhases = (
				6F0AF72320B631D900161503 /* Sources */,
				6F0AF72420B631D900161503 /* Frameworks */,
				6F0AF72520B631D900161503 /* Resources */,
			);
			buildRules = (
			);
			dependencies = (
			);
			name = "To Do";
			productName = "To Do";
			productReference = 6F0AF72720B631D900161503 /* To Do.app */;
			productType = "com.apple.product-type.application";
		};
/* End PBXNativeTarget section */

/* Begin PBXProject section */
		6F0AF71F20B631D900161503 /* Project object */ = {
			isa = PBXProject;
			attributes = {
				LastSwiftUpdateCheck = 0930;
				LastUpgradeCheck = 0930;
				ORGANIZATIONNAME = "Joyce Chidiadi";
				TargetAttributes = {
					6F0AF72620B631D900161503 = {
						CreatedOnToolsVersion = 9.3;
					};
				};
			};
			buildConfigurationList = 6F0AF72220B631D900161503 /* Build configuration list for PBXProject "To Do" */;
			compatibilityVersion = "Xcode 9.3";
			developmentRegion = en;
			hasScannedForEncodings = 0;
			knownRegions = (
				en,
				Base,
			);
			mainGroup = 6F0AF71E20B631D900161503;
			productRefGroup = 6F0AF72820B631D900161503 /* Products */;
			projectDirPath = "";
			projectRoot = "";
			targets = (
				6F0AF72620B631D900161503 /* To Do */,
			);
		};
/* End PBXProject section */

/* Begin PBXResourcesBuildPhase section */
		6F0AF72520B631D900161503 /* Resources */ = {
			isa = PBXResourcesBuildPhase;
			buildActionMask = 2147483647;
			files = (
				6F0AF73520B631DD00161503 /* LaunchScreen.storyboard in Resources */,
				6F0AF73220B631DD00161503 /* Assets.xcassets in Resources */,
				6F0AF73020B631D900161503 /* Main.storyboard in Resources */,
			);
			runOnlyForDeploymentPostprocessing = 0;
		};
/* End PBXResourcesBuildPhase section */

/* Begin PBXSourcesBuildPhase section */
		6F0AF72320B631D900161503 /* Sources */ = {
			isa = PBXSourcesBuildPhase;
			buildActionMask = 2147483647;
			files = (
				6F56CDCC20F5DE06003ED0F9 /* CategoryViewController.swift in Sources */,
				6F0AF72D20B631D900161503 /* TodoListViewController.swift in Sources */,
				6FB4D3C920D43EB200061689 /* DataModel.xcdatamodeld in Sources */,
				6F0AF72B20B631D900161503 /* AppDelegate.swift in Sources */,
			);
			runOnlyForDeploymentPostprocessing = 0;
		};
/* End PBXSourcesBuildPhase section */

/* Begin PBXVariantGroup section */
		6F0AF72E20B631D900161503 /* Main.storyboard */ = {
			isa = PBXVariantGroup;
			children = (
				6F0AF72F20B631D900161503 /* Base */,
			);
			name = Main.storyboard;
			sourceTree = "<group>";
		};
		6F0AF73320B631DD00161503 /* LaunchScreen.storyboard */ = {
			isa = PBXVariantGroup;
			children = (
				6F0AF73420B631DD00161503 /* Base */,
			);
			name = LaunchScreen.storyboard;
			sourceTree = "<group>";
		};
/* End PBXVariantGroup section */

/* Begin XCBuildConfiguration section */
		6F0AF73720B631DD00161503 /* Debug */ = {
			isa = XCBuildConfiguration;
			buildSettings = {
				ALWAYS_SEARCH_USER_PATHS = NO;
				CLANG_ANALYZER_NONNULL = YES;
				CLANG_ANALYZER_NUMBER_OBJECT_CONVERSION = YES_AGGRESSIVE;
				CLANG_CXX_LANGUAGE_STANDARD = "gnu++14";
				CLANG_CXX_LIBRARY = "libc++";
				CLANG_ENABLE_MODULES = YES;
				CLANG_ENABLE_OBJC_ARC = YES;
				CLANG_ENABLE_OBJC_WEAK = YES;
				CLANG_WARN_BLOCK_CAPTURE_AUTORELEASING = YES;
				CLANG_WARN_BOOL_CONVERSION = YES;
				CLANG_WARN_COMMA = YES;
				CLANG_WARN_CONSTANT_CONVERSION = YES;
				CLANG_WARN_DEPRECATED_OBJC_IMPLEMENTATIONS = YES;
				CLANG_WARN_DIRECT_OBJC_ISA_USAGE = YES_ERROR;
				CLANG_WARN_DOCUMENTATION_COMMENTS = YES;
				CLANG_WARN_EMPTY_BODY = YES;
				CLANG_WARN_ENUM_CONVERSION = YES;
				CLANG_WARN_INFINITE_RECURSION = YES;
				CLANG_WARN_INT_CONVERSION = YES;
				CLANG_WARN_NON_LITERAL_NULL_CONVERSION = YES;
				CLANG_WARN_OBJC_IMPLICIT_RETAIN_SELF = YES;
				CLANG_WARN_OBJC_LITERAL_CONVERSION = YES;
				CLANG_WARN_OBJC_ROOT_CLASS = YES_ERROR;
				CLANG_WARN_RANGE_LOOP_ANALYSIS = YES;
				CLANG_WARN_STRICT_PROTOTYPES = YES;
				CLANG_WARN_SUSPICIOUS_MOVE = YES;
				CLANG_WARN_UNGUARDED_AVAILABILITY = YES_AGGRESSIVE;
				CLANG_WARN_UNREACHABLE_CODE = YES;
				CLANG_WARN__DUPLICATE_METHOD_MATCH = YES;
				CODE_SIGN_IDENTITY = "iPhone Developer";
				COPY_PHASE_STRIP = NO;
				DEBUG_INFORMATION_FORMAT = dwarf;
				ENABLE_STRICT_OBJC_MSGSEND = YES;
				ENABLE_TESTABILITY = YES;
				GCC_C_LANGUAGE_STANDARD = gnu11;
				GCC_DYNAMIC_NO_PIC = NO;
				GCC_NO_COMMON_BLOCKS = YES;
				GCC_OPTIMIZATION_LEVEL = 0;
				GCC_PREPROCESSOR_DEFINITIONS = (
					"DEBUG=1",
					"$(inherited)",
				);
				GCC_WARN_64_TO_32_BIT_CONVERSION = YES;
				GCC_WARN_ABOUT_RETURN_TYPE = YES_ERROR;
				GCC_WARN_UNDECLARED_SELECTOR = YES;
				GCC_WARN_UNINITIALIZED_AUTOS = YES_AGGRESSIVE;
				GCC_WARN_UNUSED_FUNCTION = YES;
				GCC_WARN_UNUSED_VARIABLE = YES;
				IPHONEOS_DEPLOYMENT_TARGET = 11.3;
				MTL_ENABLE_DEBUG_INFO = YES;
				ONLY_ACTIVE_ARCH = YES;
				SDKROOT = iphoneos;
				SWIFT_ACTIVE_COMPILATION_CONDITIONS = DEBUG;
				SWIFT_OPTIMIZATION_LEVEL = "-Onone";
			};
			name = Debug;
		};
		6F0AF73820B631DD00161503 /* Release */ = {
			isa = XCBuildConfiguration;
			buildSettings = {
				ALWAYS_SEARCH_USER_PATHS = NO;
				CLANG_ANALYZER_NONNULL = YES;
				CLANG_ANALYZER_NUMBER_OBJECT_CONVERSION = YES_AGGRESSIVE;
				CLANG_CXX_LANGUAGE_STANDARD = "gnu++14";
				CLANG_CXX_LIBRARY = "libc++";
				CLANG_ENABLE_MODULES = YES;
				CLANG_ENABLE_OBJC_ARC = YES;
				CLANG_ENABLE_OBJC_WEAK = YES;
				CLANG_WARN_BLOCK_CAPTURE_AUTORELEASING = YES;
				CLANG_WARN_BOOL_CONVERSION = YES;
				CLANG_WARN_COMMA = YES;
				CLANG_WARN_CONSTANT_CONVERSION = YES;
				CLANG_WARN_DEPRECATED_OBJC_IMPLEMENTATIONS = YES;
				CLANG_WARN_DIRECT_OBJC_ISA_USAGE = YES_ERROR;
				CLANG_WARN_DOCUMENTATION_COMMENTS = YES;
				CLANG_WARN_EMPTY_BODY = YES;
				CLANG_WARN_ENUM_CONVERSION = YES;
				CLANG_WARN_INFINITE_RECURSION = YES;
				CLANG_WARN_INT_CONVERSION = YES;
				CLANG_WARN_NON_LITERAL_NULL_CONVERSION = YES;
				CLANG_WARN_OBJC_IMPLICIT_RETAIN_SELF = YES;
				CLANG_WARN_OBJC_LITERAL_CONVERSION = YES;
				CLANG_WARN_OBJC_ROOT_CLASS = YES_ERROR;
				CLANG_WARN_RANGE_LOOP_ANALYSIS = YES;
				CLANG_WARN_STRICT_PROTOTYPES = YES;
				CLANG_WARN_SUSPICIOUS_MOVE = YES;
				CLANG_WARN_UNGUARDED_AVAILABILITY = YES_AGGRESSIVE;
				CLANG_WARN_UNREACHABLE_CODE = YES;
				CLANG_WARN__DUPLICATE_METHOD_MATCH = YES;
				CODE_SIGN_IDENTITY = "iPhone Developer";
				COPY_PHASE_STRIP = NO;
				DEBUG_INFORMATION_FORMAT = "dwarf-with-dsym";
				ENABLE_NS_ASSERTIONS = NO;
				ENABLE_STRICT_OBJC_MSGSEND = YES;
				GCC_C_LANGUAGE_STANDARD = gnu11;
				GCC_NO_COMMON_BLOCKS = YES;
				GCC_WARN_64_TO_32_BIT_CONVERSION = YES;
				GCC_WARN_ABOUT_RETURN_TYPE = YES_ERROR;
				GCC_WARN_UNDECLARED_SELECTOR = YES;
				GCC_WARN_UNINITIALIZED_AUTOS = YES_AGGRESSIVE;
				GCC_WARN_UNUSED_FUNCTION = YES;
				GCC_WARN_UNUSED_VARIABLE = YES;
				IPHONEOS_DEPLOYMENT_TARGET = 11.3;
				MTL_ENABLE_DEBUG_INFO = NO;
				SDKROOT = iphoneos;
				SWIFT_COMPILATION_MODE = wholemodule;
				SWIFT_OPTIMIZATION_LEVEL = "-O";
				VALIDATE_PRODUCT = YES;
			};
			name = Release;
		};
		6F0AF73A20B631DD00161503 /* Debug */ = {
			isa = XCBuildConfiguration;
			buildSettings = {
				ASSETCATALOG_COMPILER_APPICON_NAME = AppIcon;
				CODE_SIGN_STYLE = Manual;
				DEVELOPMENT_TEAM = "";
				INFOPLIST_FILE = "To Do/Info.plist";
				LD_RUNPATH_SEARCH_PATHS = (
					"$(inherited)",
					"@executable_path/Frameworks",
				);
				PRODUCT_BUNDLE_IDENTIFIER = "com.threedeez.To-Do";
				PRODUCT_NAME = "$(TARGET_NAME)";
				PROVISIONING_PROFILE_SPECIFIER = "";
				SWIFT_VERSION = 4.0;
				TARGETED_DEVICE_FAMILY = "1,2";
			};
			name = Debug;
		};
		6F0AF73B20B631DD00161503 /* Release */ = {
			isa = XCBuildConfiguration;
			buildSettings = {
				ASSETCATALOG_COMPILER_APPICON_NAME = AppIcon;
				CODE_SIGN_STYLE = Manual;
				DEVELOPMENT_TEAM = "";
				INFOPLIST_FILE = "To Do/Info.plist";
				LD_RUNPATH_SEARCH_PATHS = (
					"$(inherited)",
					"@executable_path/Frameworks",
				);
				PRODUCT_BUNDLE_IDENTIFIER = "com.threedeez.To-Do";
				PRODUCT_NAME = "$(TARGET_NAME)";
				PROVISIONING_PROFILE_SPECIFIER = "";
				SWIFT_VERSION = 4.0;
				TARGETED_DEVICE_FAMILY = "1,2";
			};
			name = Release;
		};
/* End XCBuildConfiguration section */

/* Begin XCConfigurationList section */
		6F0AF72220B631D900161503 /* Build configuration list for PBXProject "To Do" */ = {
			isa = XCConfigurationList;
			buildConfigurations = (
				6F0AF73720B631DD00161503 /* Debug */,
				6F0AF73820B631DD00161503 /* Release */,
			);
			defaultConfigurationIsVisible = 0;
			defaultConfigurationName = Release;
		};
		6F0AF73920B631DD00161503 /* Build configuration list for PBXNativeTarget "To Do" */ = {
			isa = XCConfigurationList;
			buildConfigurations = (
				6F0AF73A20B631DD00161503 /* Debug */,
				6F0AF73B20B631DD00161503 /* Release */,
			);
			defaultConfigurationIsVisible = 0;
			defaultConfigurationName = Release;
		};
/* End XCConfigurationList section */

/* Begin XCVersionGroup section */
		6FB4D3C720D43EB200061689 /* DataModel.xcdatamodeld */ = {
			isa = XCVersionGroup;
			children = (
				6FB4D3C820D43EB200061689 /* DataModel.xcdatamodel */,
			);
			currentVersion = 6FB4D3C820D43EB200061689 /* DataModel.xcdatamodel */;
			path = DataModel.xcdatamodeld;
			sourceTree = "<group>";
			versionGroupType = wrapper.xcdatamodel;
		};
/* End XCVersionGroup section */
	};
	rootObject = 6F0AF71F20B631D900161503 /* Project object */;
}
